// !$*UTF8*$!
{
	archiveVersion = 1;
	classes = {
	};
	objectVersion = 48;
	objects = {

/* Begin PBXBuildFile section */
		033F01F71FD93FCE00F845B2 /* AppDelegate.swift in Sources */ = {isa = PBXBuildFile; fileRef = 033F01F61FD93FCE00F845B2 /* AppDelegate.swift */; };
		033F01F91FD93FCE00F845B2 /* ViewController.swift in Sources */ = {isa = PBXBuildFile; fileRef = 033F01F81FD93FCE00F845B2 /* ViewController.swift */; };
		033F01FC1FD93FCF00F845B2 /* Main.storyboard in Resources */ = {isa = PBXBuildFile; fileRef = 033F01FA1FD93FCE00F845B2 /* Main.storyboard */; };
		033F01FE1FD93FCF00F845B2 /* Assets.xcassets in Resources */ = {isa = PBXBuildFile; fileRef = 033F01FD1FD93FCF00F845B2 /* Assets.xcassets */; };
		033F02011FD93FCF00F845B2 /* LaunchScreen.storyboard in Resources */ = {isa = PBXBuildFile; fileRef = 033F01FF1FD93FCF00F845B2 /* LaunchScreen.storyboard */; };
		033F020C1FD93FCF00F845B2 /* Drag_DropListTests.swift in Sources */ = {isa = PBXBuildFile; fileRef = 033F020B1FD93FCF00F845B2 /* Drag_DropListTests.swift */; };
		033F02171FD93FCF00F845B2 /* Drag_DropListUITests.swift in Sources */ = {isa = PBXBuildFile; fileRef = 033F02161FD93FCF00F845B2 /* Drag_DropListUITests.swift */; };
		033F02261FD943E300F845B2 /* ListCell.swift in Sources */ = {isa = PBXBuildFile; fileRef = 033F02241FD943E300F845B2 /* ListCell.swift */; };
		033F02271FD943E300F845B2 /* ListCell.xib in Resources */ = {isa = PBXBuildFile; fileRef = 033F02251FD943E300F845B2 /* ListCell.xib */; };
		033F022A1FD943FB00F845B2 /* GridCell.swift in Sources */ = {isa = PBXBuildFile; fileRef = 033F02281FD943FB00F845B2 /* GridCell.swift */; };
		033F022B1FD943FB00F845B2 /* GridCell.xib in Resources */ = {isa = PBXBuildFile; fileRef = 033F02291FD943FB00F845B2 /* GridCell.xib */; };
/* End PBXBuildFile section */

/* Begin PBXContainerItemProxy section */
		033F02081FD93FCF00F845B2 /* PBXContainerItemProxy */ = {
			isa = PBXContainerItemProxy;
			containerPortal = 033F01EB1FD93FCD00F845B2 /* Project object */;
			proxyType = 1;
			remoteGlobalIDString = 033F01F21FD93FCE00F845B2;
			remoteInfo = "Drag&DropList";
		};
		033F02131FD93FCF00F845B2 /* PBXContainerItemProxy */ = {
			isa = PBXContainerItemProxy;
			containerPortal = 033F01EB1FD93FCD00F845B2 /* Project object */;
			proxyType = 1;
			remoteGlobalIDString = 033F01F21FD93FCE00F845B2;
			remoteInfo = "Drag&DropList";
		};
/* End PBXContainerItemProxy section */

/* Begin PBXFileReference section */
		033F01F31FD93FCE00F845B2 /* Drag&DropList.app */ = {isa = PBXFileReference; explicitFileType = wrapper.application; includeInIndex = 0; path = "Drag&DropList.app"; sourceTree = BUILT_PRODUCTS_DIR; };
		033F01F61FD93FCE00F845B2 /* AppDelegate.swift */ = {isa = PBXFileReference; lastKnownFileType = sourcecode.swift; path = AppDelegate.swift; sourceTree = "<group>"; };
		033F01F81FD93FCE00F845B2 /* ViewController.swift */ = {isa = PBXFileReference; lastKnownFileType = sourcecode.swift; path = ViewController.swift; sourceTree = "<group>"; };
		033F01FB1FD93FCE00F845B2 /* Base */ = {isa = PBXFileReference; lastKnownFileType = file.storyboard; name = Base; path = Base.lproj/Main.storyboard; sourceTree = "<group>"; };
		033F01FD1FD93FCF00F845B2 /* Assets.xcassets */ = {isa = PBXFileReference; lastKnownFileType = folder.assetcatalog; path = Assets.xcassets; sourceTree = "<group>"; };
		033F02001FD93FCF00F845B2 /* Base */ = {isa = PBXFileReference; lastKnownFileType = file.storyboard; name = Base; path = Base.lproj/LaunchScreen.storyboard; sourceTree = "<group>"; };
		033F02021FD93FCF00F845B2 /* Info.plist */ = {isa = PBXFileReference; lastKnownFileType = text.plist.xml; path = Info.plist; sourceTree = "<group>"; };
		033F02071FD93FCF00F845B2 /* Drag&DropListTests.xctest */ = {isa = PBXFileReference; explicitFileType = wrapper.cfbundle; includeInIndex = 0; path = "Drag&DropListTests.xctest"; sourceTree = BUILT_PRODUCTS_DIR; };
		033F020B1FD93FCF00F845B2 /* Drag_DropListTests.swift */ = {isa = PBXFileReference; lastKnownFileType = sourcecode.swift; path = Drag_DropListTests.swift; sourceTree = "<group>"; };
		033F020D1FD93FCF00F845B2 /* Info.plist */ = {isa = PBXFileReference; lastKnownFileType = text.plist.xml; path = Info.plist; sourceTree = "<group>"; };
		033F02121FD93FCF00F845B2 /* Drag&DropListUITests.xctest */ = {isa = PBXFileReference; explicitFileType = wrapper.cfbundle; includeInIndex = 0; path = "Drag&DropListUITests.xctest"; sourceTree = BUILT_PRODUCTS_DIR; };
		033F02161FD93FCF00F845B2 /* Drag_DropListUITests.swift */ = {isa = PBXFileReference; lastKnownFileType = sourcecode.swift; path = Drag_DropListUITests.swift; sourceTree = "<group>"; };
		033F02181FD93FCF00F845B2 /* Info.plist */ = {isa = PBXFileReference; lastKnownFileType = text.plist.xml; path = Info.plist; sourceTree = "<group>"; };
		033F02241FD943E300F845B2 /* ListCell.swift */ = {isa = PBXFileReference; lastKnownFileType = sourcecode.swift; path = ListCell.swift; sourceTree = "<group>"; };
		033F02251FD943E300F845B2 /* ListCell.xib */ = {isa = PBXFileReference; lastKnownFileType = file.xib; path = ListCell.xib; sourceTree = "<group>"; };
		033F02281FD943FB00F845B2 /* GridCell.swift */ = {isa = PBXFileReference; lastKnownFileType = sourcecode.swift; path = GridCell.swift; sourceTree = "<group>"; };
		033F02291FD943FB00F845B2 /* GridCell.xib */ = {isa = PBXFileReference; lastKnownFileType = file.xib; path = GridCell.xib; sourceTree = "<group>"; };
/* End PBXFileReference section */

/* Begin PBXFrameworksBuildPhase section */
		033F01F01FD93FCE00F845B2 /* Frameworks */ = {
			isa = PBXFrameworksBuildPhase;
			buildActionMask = 2147483647;
			files = (
			);
			runOnlyForDeploymentPostprocessing = 0;
		};
		033F02041FD93FCF00F845B2 /* Frameworks */ = {
			isa = PBXFrameworksBuildPhase;
			buildActionMask = 2147483647;
			files = (
			);
			runOnlyForDeploymentPostprocessing = 0;
		};
		033F020F1FD93FCF00F845B2 /* Frameworks */ = {
			isa = PBXFrameworksBuildPhase;
			buildActionMask = 2147483647;
			files = (
			);
			runOnlyForDeploymentPostprocessing = 0;
		};
/* End PBXFrameworksBuildPhase section */

/* Begin PBXGroup section */
		033F01EA1FD93FCC00F845B2 = {
			isa = PBXGroup;
			children = (
				033F01F51FD93FCE00F845B2 /* Drag&DropList */,
				033F020A1FD93FCF00F845B2 /* Drag&DropListTests */,
				033F02151FD93FCF00F845B2 /* Drag&DropListUITests */,
				033F01F41FD93FCE00F845B2 /* Products */,
			);
			sourceTree = "<group>";
		};
		033F01F41FD93FCE00F845B2 /* Products */ = {
			isa = PBXGroup;
			children = (
				033F01F31FD93FCE00F845B2 /* Drag&DropList.app */,
				033F02071FD93FCF00F845B2 /* Drag&DropListTests.xctest */,
				033F02121FD93FCF00F845B2 /* Drag&DropListUITests.xctest */,
			);
			name = Products;
			sourceTree = "<group>";
		};
		033F01F51FD93FCE00F845B2 /* Drag&DropList */ = {
			isa = PBXGroup;
			children = (
				033F01F61FD93FCE00F845B2 /* AppDelegate.swift */,
				033F01F81FD93FCE00F845B2 /* ViewController.swift */,
				033F02241FD943E300F845B2 /* ListCell.swift */,
				033F02251FD943E300F845B2 /* ListCell.xib */,
				033F02281FD943FB00F845B2 /* GridCell.swift */,
				033F02291FD943FB00F845B2 /* GridCell.xib */,
				033F01FA1FD93FCE00F845B2 /* Main.storyboard */,
				033F01FD1FD93FCF00F845B2 /* Assets.xcassets */,
				033F01FF1FD93FCF00F845B2 /* LaunchScreen.storyboard */,
				033F02021FD93FCF00F845B2 /* Info.plist */,
			);
			path = "Drag&DropList";
			sourceTree = "<group>";
		};
		033F020A1FD93FCF00F845B2 /* Drag&DropListTests */ = {
			isa = PBXGroup;
			children = (
				033F020B1FD93FCF00F845B2 /* Drag_DropListTests.swift */,
				033F020D1FD93FCF00F845B2 /* Info.plist */,
			);
			path = "Drag&DropListTests";
			sourceTree = "<group>";
		};
		033F02151FD93FCF00F845B2 /* Drag&DropListUITests */ = {
			isa = PBXGroup;
			children = (
				033F02161FD93FCF00F845B2 /* Drag_DropListUITests.swift */,
				033F02181FD93FCF00F845B2 /* Info.plist */,
			);
			path = "Drag&DropListUITests";
			sourceTree = "<group>";
		};
/* End PBXGroup section */

/* Begin PBXNativeTarget section */
		033F01F21FD93FCE00F845B2 /* Drag&DropList */ = {
			isa = PBXNativeTarget;
			buildConfigurationList = 033F021B1FD93FCF00F845B2 /* Build configuration list for PBXNativeTarget "Drag&DropList" */;
			buildPhases = (
				033F01EF1FD93FCE00F845B2 /* Sources */,
				033F01F01FD93FCE00F845B2 /* Frameworks */,
				033F01F11FD93FCE00F845B2 /* Resources */,
			);
			buildRules = (
			);
			dependencies = (
			);
			name = "Drag&DropList";
			productName = "Drag&DropList";
			productReference = 033F01F31FD93FCE00F845B2 /* Drag&DropList.app */;
			productType = "com.apple.product-type.application";
		};
		033F02061FD93FCF00F845B2 /* Drag&DropListTests */ = {
			isa = PBXNativeTarget;
			buildConfigurationList = 033F021E1FD93FCF00F845B2 /* Build configuration list for PBXNativeTarget "Drag&DropListTests" */;
			buildPhases = (
				033F02031FD93FCF00F845B2 /* Sources */,
				033F02041FD93FCF00F845B2 /* Frameworks */,
				033F02051FD93FCF00F845B2 /* Resources */,
			);
			buildRules = (
			);
			dependencies = (
				033F02091FD93FCF00F845B2 /* PBXTargetDependency */,
			);
			name = "Drag&DropListTests";
			productName = "Drag&DropListTests";
			productReference = 033F02071FD93FCF00F845B2 /* Drag&DropListTests.xctest */;
			productType = "com.apple.product-type.bundle.unit-test";
		};
		033F02111FD93FCF00F845B2 /* Drag&DropListUITests */ = {
			isa = PBXNativeTarget;
			buildConfigurationList = 033F02211FD93FCF00F845B2 /* Build configuration list for PBXNativeTarget "Drag&DropListUITests" */;
			buildPhases = (
				033F020E1FD93FCF00F845B2 /* Sources */,
				033F020F1FD93FCF00F845B2 /* Frameworks */,
				033F02101FD93FCF00F845B2 /* Resources */,
			);
			buildRules = (
			);
			dependencies = (
				033F02141FD93FCF00F845B2 /* PBXTargetDependency */,
			);
			name = "Drag&DropListUITests";
			productName = "Drag&DropListUITests";
			productReference = 033F02121FD93FCF00F845B2 /* Drag&DropListUITests.xctest */;
			productType = "com.apple.product-type.bundle.ui-testing";
		};
/* End PBXNativeTarget section */

/* Begin PBXProject section */
		033F01EB1FD93FCD00F845B2 /* Project object */ = {
			isa = PBXProject;
			attributes = {
				LastSwiftUpdateCheck = 0910;
				LastUpgradeCheck = 0910;
				ORGANIZATIONNAME = Pixelpoint;
				TargetAttributes = {
					033F01F21FD93FCE00F845B2 = {
						CreatedOnToolsVersion = 9.1;
						ProvisioningStyle = Automatic;
					};
					033F02061FD93FCF00F845B2 = {
						CreatedOnToolsVersion = 9.1;
						ProvisioningStyle = Automatic;
						TestTargetID = 033F01F21FD93FCE00F845B2;
					};
					033F02111FD93FCF00F845B2 = {
						CreatedOnToolsVersion = 9.1;
						ProvisioningStyle = Automatic;
						TestTargetID = 033F01F21FD93FCE00F845B2;
					};
				};
			};
			buildConfigurationList = 033F01EE1FD93FCD00F845B2 /* Build configuration list for PBXProject "Drag&DropList" */;
			compatibilityVersion = "Xcode 8.0";
			developmentRegion = en;
			hasScannedForEncodings = 0;
			knownRegions = (
				en,
				Base,
			);
			mainGroup = 033F01EA1FD93FCC00F845B2;
			productRefGroup = 033F01F41FD93FCE00F845B2 /* Products */;
			projectDirPath = "";
			projectRoot = "";
			targets = (
				033F01F21FD93FCE00F845B2 /* Drag&DropList */,
				033F02061FD93FCF00F845B2 /* Drag&DropListTests */,
				033F02111FD93FCF00F845B2 /* Drag&DropListUITests */,
			);
		};
/* End PBXProject section */

/* Begin PBXResourcesBuildPhase section */
		033F01F11FD93FCE00F845B2 /* Resources */ = {
			isa = PBXResourcesBuildPhase;
			buildActionMask = 2147483647;
			files = (
				033F02011FD93FCF00F845B2 /* LaunchScreen.storyboard in Resources */,
				033F022B1FD943FB00F845B2 /* GridCell.xib in Resources */,
				033F02271FD943E300F845B2 /* ListCell.xib in Resources */,
				033F01FE1FD93FCF00F845B2 /* Assets.xcassets in Resources */,
				033F01FC1FD93FCF00F845B2 /* Main.storyboard in Resources */,
			);
			runOnlyForDeploymentPostprocessing = 0;
		};
		033F02051FD93FCF00F845B2 /* Resources */ = {
			isa = PBXResourcesBuildPhase;
			buildActionMask = 2147483647;
			files = (
			);
			runOnlyForDeploymentPostprocessing = 0;
		};
		033F02101FD93FCF00F845B2 /* Resources */ = {
			isa = PBXResourcesBuildPhase;
			buildActionMask = 2147483647;
			files = (
			);
			runOnlyForDeploymentPostprocessing = 0;
		};
/* End PBXResourcesBuildPhase section */

/* Begin PBXSourcesBuildPhase section */
		033F01EF1FD93FCE00F845B2 /* Sources */ = {
			isa = PBXSourcesBuildPhase;
			buildActionMask = 2147483647;
			files = (
				033F02261FD943E300F845B2 /* ListCell.swift in Sources */,
				033F01F91FD93FCE00F845B2 /* ViewController.swift in Sources */,
				033F01F71FD93FCE00F845B2 /* AppDelegate.swift in Sources */,
				033F022A1FD943FB00F845B2 /* GridCell.swift in Sources */,
			);
			runOnlyForDeploymentPostprocessing = 0;
		};
		033F02031FD93FCF00F845B2 /* Sources */ = {
			isa = PBXSourcesBuildPhase;
			buildActionMask = 2147483647;
			files = (
				033F020C1FD93FCF00F845B2 /* Drag_DropListTests.swift in Sources */,
			);
			runOnlyForDeploymentPostprocessing = 0;
		};
		033F020E1FD93FCF00F845B2 /* Sources */ = {
			isa = PBXSourcesBuildPhase;
			buildActionMask = 2147483647;
			files = (
				033F02171FD93FCF00F845B2 /* Drag_DropListUITests.swift in Sources */,
			);
			runOnlyForDeploymentPostprocessing = 0;
		};
/* End PBXSourcesBuildPhase section */

/* Begin PBXTargetDependency section */
		033F02091FD93FCF00F845B2 /* PBXTargetDependency */ = {
			isa = PBXTargetDependency;
			target = 033F01F21FD93FCE00F845B2 /* Drag&DropList */;
			targetProxy = 033F02081FD93FCF00F845B2 /* PBXContainerItemProxy */;
		};
		033F02141FD93FCF00F845B2 /* PBXTargetDependency */ = {
			isa = PBXTargetDependency;
			target = 033F01F21FD93FCE00F845B2 /* Drag&DropList */;
			targetProxy = 033F02131FD93FCF00F845B2 /* PBXContainerItemProxy */;
		};
/* End PBXTargetDependency section */

/* Begin PBXVariantGroup section */
		033F01FA1FD93FCE00F845B2 /* Main.storyboard */ = {
			isa = PBXVariantGroup;
			children = (
				033F01FB1FD93FCE00F845B2 /* Base */,
			);
			name = Main.storyboard;
			sourceTree = "<group>";
		};
		033F01FF1FD93FCF00F845B2 /* LaunchScreen.storyboard */ = {
			isa = PBXVariantGroup;
			children = (
				033F02001FD93FCF00F845B2 /* Base */,
			);
			name = LaunchScreen.storyboard;
			sourceTree = "<group>";
		};
/* End PBXVariantGroup section */

/* Begin XCBuildConfiguration section */
		033F02191FD93FCF00F845B2 /* Debug */ = {
			isa = XCBuildConfiguration;
			buildSettings = {
				ALWAYS_SEARCH_USER_PATHS = NO;
				CLANG_ANALYZER_NONNULL = YES;
				CLANG_ANALYZER_NUMBER_OBJECT_CONVERSION = YES_AGGRESSIVE;
				CLANG_CXX_LANGUAGE_STANDARD = "gnu++14";
				CLANG_CXX_LIBRARY = "libc++";
				CLANG_ENABLE_MODULES = YES;
				CLANG_ENABLE_OBJC_ARC = YES;
				CLANG_WARN_BLOCK_CAPTURE_AUTORELEASING = YES;
				CLANG_WARN_BOOL_CONVERSION = YES;
				CLANG_WARN_COMMA = YES;
				CLANG_WARN_CONSTANT_CONVERSION = YES;
				CLANG_WARN_DIRECT_OBJC_ISA_USAGE = YES_ERROR;
				CLANG_WARN_DOCUMENTATION_COMMENTS = YES;
				CLANG_WARN_EMPTY_BODY = YES;
				CLANG_WARN_ENUM_CONVERSION = YES;
				CLANG_WARN_INFINITE_RECURSION = YES;
				CLANG_WARN_INT_CONVERSION = YES;
				CLANG_WARN_NON_LITERAL_NULL_CONVERSION = YES;
				CLANG_WARN_OBJC_LITERAL_CONVERSION = YES;
				CLANG_WARN_OBJC_ROOT_CLASS = YES_ERROR;
				CLANG_WARN_RANGE_LOOP_ANALYSIS = YES;
				CLANG_WARN_STRICT_PROTOTYPES = YES;
				CLANG_WARN_SUSPICIOUS_MOVE = YES;
				CLANG_WARN_UNGUARDED_AVAILABILITY = YES_AGGRESSIVE;
				CLANG_WARN_UNREACHABLE_CODE = YES;
				CLANG_WARN__DUPLICATE_METHOD_MATCH = YES;
				CODE_SIGN_IDENTITY = "iPhone Developer";
				COPY_PHASE_STRIP = NO;
				DEBUG_INFORMATION_FORMAT = dwarf;
				ENABLE_STRICT_OBJC_MSGSEND = YES;
				ENABLE_TESTABILITY = YES;
				GCC_C_LANGUAGE_STANDARD = gnu11;
				GCC_DYNAMIC_NO_PIC = NO;
				GCC_NO_COMMON_BLOCKS = YES;
				GCC_OPTIMIZATION_LEVEL = 0;
				GCC_PREPROCESSOR_DEFINITIONS = (
					"DEBUG=1",
					"$(inherited)",
				);
				GCC_WARN_64_TO_32_BIT_CONVERSION = YES;
				GCC_WARN_ABOUT_RETURN_TYPE = YES_ERROR;
				GCC_WARN_UNDECLARED_SELECTOR = YES;
				GCC_WARN_UNINITIALIZED_AUTOS = YES_AGGRESSIVE;
				GCC_WARN_UNUSED_FUNCTION = YES;
				GCC_WARN_UNUSED_VARIABLE = YES;
				IPHONEOS_DEPLOYMENT_TARGET = 11.1;
				MTL_ENABLE_DEBUG_INFO = YES;
				ONLY_ACTIVE_ARCH = YES;
				SDKROOT = iphoneos;
				SWIFT_ACTIVE_COMPILATION_CONDITIONS = DEBUG;
				SWIFT_OPTIMIZATION_LEVEL = "-Onone";
			};
			name = Debug;
		};
		033F021A1FD93FCF00F845B2 /* Release */ = {
			isa = XCBuildConfiguration;
			buildSettings = {
				ALWAYS_SEARCH_USER_PATHS = NO;
				CLANG_ANALYZER_NONNULL = YES;
				CLANG_ANALYZER_NUMBER_OBJECT_CONVERSION = YES_AGGRESSIVE;
				CLANG_CXX_LANGUAGE_STANDARD = "gnu++14";
				CLANG_CXX_LIBRARY = "libc++";
				CLANG_ENABLE_MODULES = YES;
				CLANG_ENABLE_OBJC_ARC = YES;
				CLANG_WARN_BLOCK_CAPTURE_AUTORELEASING = YES;
				CLANG_WARN_BOOL_CONVERSION = YES;
				CLANG_WARN_COMMA = YES;
				CLANG_WARN_CONSTANT_CONVERSION = YES;
				CLANG_WARN_DIRECT_OBJC_ISA_USAGE = YES_ERROR;
				CLANG_WARN_DOCUMENTATION_COMMENTS = YES;
				CLANG_WARN_EMPTY_BODY = YES;
				CLANG_WARN_ENUM_CONVERSION = YES;
				CLANG_WARN_INFINITE_RECURSION = YES;
				CLANG_WARN_INT_CONVERSION = YES;
				CLANG_WARN_NON_LITERAL_NULL_CONVERSION = YES;
				CLANG_WARN_OBJC_LITERAL_CONVERSION = YES;
				CLANG_WARN_OBJC_ROOT_CLASS = YES_ERROR;
				CLANG_WARN_RANGE_LOOP_ANALYSIS = YES;
				CLANG_WARN_STRICT_PROTOTYPES = YES;
				CLANG_WARN_SUSPICIOUS_MOVE = YES;
				CLANG_WARN_UNGUARDED_AVAILABILITY = YES_AGGRESSIVE;
				CLANG_WARN_UNREACHABLE_CODE = YES;
				CLANG_WARN__DUPLICATE_METHOD_MATCH = YES;
				CODE_SIGN_IDENTITY = "iPhone Developer";
				COPY_PHASE_STRIP = NO;
				DEBUG_INFORMATION_FORMAT = "dwarf-with-dsym";
				ENABLE_NS_ASSERTIONS = NO;
				ENABLE_STRICT_OBJC_MSGSEND = YES;
				GCC_C_LANGUAGE_STANDARD = gnu11;
				GCC_NO_COMMON_BLOCKS = YES;
				GCC_WARN_64_TO_32_BIT_CONVERSION = YES;
				GCC_WARN_ABOUT_RETURN_TYPE = YES_ERROR;
				GCC_WARN_UNDECLARED_SELECTOR = YES;
				GCC_WARN_UNINITIALIZED_AUTOS = YES_AGGRESSIVE;
				GCC_WARN_UNUSED_FUNCTION = YES;
				GCC_WARN_UNUSED_VARIABLE = YES;
				IPHONEOS_DEPLOYMENT_TARGET = 11.1;
				MTL_ENABLE_DEBUG_INFO = NO;
				SDKROOT = iphoneos;
				SWIFT_OPTIMIZATION_LEVEL = "-Owholemodule";
				VALIDATE_PRODUCT = YES;
			};
			name = Release;
		};
		033F021C1FD93FCF00F845B2 /* Debug */ = {
			isa = XCBuildConfiguration;
			buildSettings = {
				ASSETCATALOG_COMPILER_APPICON_NAME = AppIcon;
				CODE_SIGN_STYLE = Automatic;
				INFOPLIST_FILE = "Drag&DropList/Info.plist";
				LD_RUNPATH_SEARCH_PATHS = "$(inherited) @executable_path/Frameworks";
				PRODUCT_BUNDLE_IDENTIFIER = "PixelPoint.Drag-DropList";
				PRODUCT_NAME = "$(TARGET_NAME)";
				SWIFT_VERSION = 4.0;
				TARGETED_DEVICE_FAMILY = "1,2";
			};
			name = Debug;
		};
		033F021D1FD93FCF00F845B2 /* Release */ = {
			isa = XCBuildConfiguration;
			buildSettings = {
				ASSETCATALOG_COMPILER_APPICON_NAME = AppIcon;
				CODE_SIGN_STYLE = Automatic;
				INFOPLIST_FILE = "Drag&DropList/Info.plist";
				LD_RUNPATH_SEARCH_PATHS = "$(inherited) @executable_path/Frameworks";
				PRODUCT_BUNDLE_IDENTIFIER = "PixelPoint.Drag-DropList";
				PRODUCT_NAME = "$(TARGET_NAME)";
				SWIFT_VERSION = 4.0;
				TARGETED_DEVICE_FAMILY = "1,2";
			};
			name = Release;
		};
		033F021F1FD93FCF00F845B2 /* Debug */ = {
			isa = XCBuildConfiguration;
			buildSettings = {
				ALWAYS_EMBED_SWIFT_STANDARD_LIBRARIES = YES;
				BUNDLE_LOADER = "$(TEST_HOST)";
				CODE_SIGN_STYLE = Automatic;
				INFOPLIST_FILE = "Drag&DropListTests/Info.plist";
				LD_RUNPATH_SEARCH_PATHS = "$(inherited) @executable_path/Frameworks @loader_path/Frameworks";
				PRODUCT_BUNDLE_IDENTIFIER = "PixelPoint.Drag-DropListTests";
				PRODUCT_NAME = "$(TARGET_NAME)";
				SWIFT_VERSION = 4.0;
				TARGETED_DEVICE_FAMILY = "1,2";
				TEST_HOST = "$(BUILT_PRODUCTS_DIR)/Drag&DropList.app/Drag&DropList";
			};
			name = Debug;
		};
		033F02201FD93FCF00F845B2 /* Release */ = {
			isa = XCBuildConfiguration;
			buildSettings = {
				ALWAYS_EMBED_SWIFT_STANDARD_LIBRARIES = YES;
				BUNDLE_LOADER = "$(TEST_HOST)";
				CODE_SIGN_STYLE = Automatic;
				INFOPLIST_FILE = "Drag&DropListTests/Info.plist";
				LD_RUNPATH_SEARCH_PATHS = "$(inherited) @executable_path/Frameworks @loader_path/Frameworks";
				PRODUCT_BUNDLE_IDENTIFIER = "PixelPoint.Drag-DropListTests";
				PRODUCT_NAME = "$(TARGET_NAME)";
				SWIFT_VERSION = 4.0;
				TARGETED_DEVICE_FAMILY = "1,2";
				TEST_HOST = "$(BUILT_PRODUCTS_DIR)/Drag&DropList.app/Drag&DropList";
			};
			name = Release;
		};
		033F02221FD93FCF00F845B2 /* Debug */ = {
			isa = XCBuildConfiguration;
			buildSettings = {
				ALWAYS_EMBED_SWIFT_STANDARD_LIBRARIES = YES;
				CODE_SIGN_STYLE = Automatic;
				INFOPLIST_FILE = "Drag&DropListUITests/Info.plist";
				LD_RUNPATH_SEARCH_PATHS = "$(inherited) @executable_path/Frameworks @loader_path/Frameworks";
				PRODUCT_BUNDLE_IDENTIFIER = "PixelPoint.Drag-DropListUITests";
				PRODUCT_NAME = "$(TARGET_NAME)";
				SWIFT_VERSION = 4.0;
				TARGETED_DEVICE_FAMILY = "1,2";
				TEST_TARGET_NAME = "Drag&DropList";
			};
			name = Debug;
		};
		033F02231FD93FCF00F845B2 /* Release */ = {
			isa = XCBuildConfiguration;
			buildSettings = {
				ALWAYS_EMBED_SWIFT_STANDARD_LIBRARIES = YES;
				CODE_SIGN_STYLE = Automatic;
				INFOPLIST_FILE = "Drag&DropListUITests/Info.plist";
				LD_RUNPATH_SEARCH_PATHS = "$(inherited) @executable_path/Frameworks @loader_path/Frameworks";
				PRODUCT_BUNDLE_IDENTIFIER = "PixelPoint.Drag-DropListUITests";
				PRODUCT_NAME = "$(TARGET_NAME)";
				SWIFT_VERSION = 4.0;
				TARGETED_DEVICE_FAMILY = "1,2";
				TEST_TARGET_NAME = "Drag&DropList";
			};
			name = Release;
		};
/* End XCBuildConfiguration section */

/* Begin XCConfigurationList section */
		033F01EE1FD93FCD00F845B2 /* Build configuration list for PBXProject "Drag&DropList" */ = {
			isa = XCConfigurationList;
			buildConfigurations = (
				033F02191FD93FCF00F845B2 /* Debug */,
				033F021A1FD93FCF00F845B2 /* Release */,
			);
			defaultConfigurationIsVisible = 0;
			defaultConfigurationName = Release;
		};
		033F021B1FD93FCF00F845B2 /* Build configuration list for PBXNativeTarget "Drag&DropList" */ = {
			isa = XCConfigurationList;
			buildConfigurations = (
				033F021C1FD93FCF00F845B2 /* Debug */,
				033F021D1FD93FCF00F845B2 /* Release */,
			);
			defaultConfigurationIsVisible = 0;
			defaultConfigurationName = Release;
		};
		033F021E1FD93FCF00F845B2 /* Build configuration list for PBXNativeTarget "Drag&DropListTests" */ = {
			isa = XCConfigurationList;
			buildConfigurations = (
				033F021F1FD93FCF00F845B2 /* Debug */,
				033F02201FD93FCF00F845B2 /* Release */,
			);
			defaultConfigurationIsVisible = 0;
			defaultConfigurationName = Release;
		};
		033F02211FD93FCF00F845B2 /* Build configuration list for PBXNativeTarget "Drag&DropListUITests" */ = {
			isa = XCConfigurationList;
			buildConfigurations = (
				033F02221FD93FCF00F845B2 /* Debug */,
				033F02231FD93FCF00F845B2 /* Release */,
			);
			defaultConfigurationIsVisible = 0;
			defaultConfigurationName = Release;
		};
/* End XCConfigurationList section */
	};
	rootObject = 033F01EB1FD93FCD00F845B2 /* Project object */;
}
